PODS:
  - edge_detection (1.1.2):
    - Flutter
    - WeScan
  - Flutter (1.0.0)
  - path_provider_foundation (0.0.1):
    - Flutter
    - FlutterMacOS
  - permission_handler_apple (9.1.0):
    - Flutter
  - WeScan (1.7.0)

DEPENDENCIES:
  - edge_detection (from `.symlinks/plugins/edge_detection/ios`)
  - Flutter (from `Flutter`)
  - path_provider_foundation (from `.symlinks/plugins/path_provider_foundation/darwin`)
  - permission_handler_apple (from `.symlinks/plugins/permission_handler_apple/ios`)

SPEC REPOS:
  trunk:
    - WeScan

EXTERNAL SOURCES:
  edge_detection:
    :path: ".symlinks/plugins/edge_detection/ios"
  Flutter:
    :path: Flutter
  path_provider_foundation:
    :path: ".symlinks/plugins/path_provider_foundation/darwin"
  permission_handler_apple:
    :path: ".symlinks/plugins/permission_handler_apple/ios"

SPEC CHECKSUMS:
  edge_detection: 6f1248c3ee686fe7b2fd94c4b59ab8d695dd1e45
  Flutter: f04841e97a9d0b0a8025694d0796dd46242b2854
  path_provider_foundation: eaf5b3e458fc0e5fbb9940fb09980e853fe058b8
  permission_handler_apple: 8f116445eff3c0e7c65ad60f5fef5490aa94b4e4
  WeScan: fed582f6c38014d529afb5aa9ffd1bad38fc72b7

PODFILE CHECKSUM: 5d58cbf5038a1e7fe69e0d18575d0b5840cb3db2

COCOAPODS: 1.12.1
